
Microsoft Visual Studio Solution File, Format Version 12.00
# Visual Studio Version 17
VisualStudioVersion = 17.4.32804.182
MinimumVisualStudioVersion = 10.0.40219.1
Project("{FAE04EC0-301F-11D3-BF4B-00C04F79EFBC}") = "SortAlgorithms", "SortAlgorithms.csproj", "{6A24F038-50BF-4BAC-96E4-BD55D85E5058}"
EndProject
Global
	GlobalSection(SolutionConfigurationPlatforms) = preSolution
		Debug|Any CPU = Debug|Any CPU
		Debug|ARM64 = Debug|ARM64
		Release|Any CPU = Release|Any CPU
		Release|ARM64 = Release|ARM64
	EndGlobalSection
	GlobalSection(ProjectConfigurationPlatforms) = postSolution
		{6A24F038-50BF-4BAC-96E4-BD55D85E5058}.Debug|ARM64.ActiveCfg = Debug|ARM64
		{6A24F038-50BF-4BAC-96E4-BD55D85E5058}.Debug|ARM64.Build.0 = Debug|ARM64
		{6A24F038-50BF-4BAC-96E4-BD55D85E5058}.Release|Any CPU.ActiveCfg = Release|Any CPU
		{6A24F038-50BF-4BAC-96E4-BD55D85E5058}.Release|Any CPU.Build.0 = Release|Any CPU
		{6A24F038-50BF-4BAC-96E4-BD55D85E5058}.Release|ARM64.ActiveCfg = Release|ARM64
		{6A24F038-50BF-4BAC-96E4-BD55D85E5058}.Release|ARM64.Build.0 = Release|ARM64
		{6A24F038-50BF-4BAC-96E4-BD55D85E5058}.Debug|Any CPU.ActiveCfg = Debug|ARM64
		{6A24F038-50BF-4BAC-96E4-BD55D85E5058}.Debug|Any CPU.Build.0 = Debug|ARM64
	EndGlobalSection
	GlobalSection(SolutionProperties) = preSolution
		HideSolutionNode = FALSE
	EndGlobalSection
	GlobalSection(ExtensibilityGlobals) = postSolution
		SolutionGuid = {FFF48ED4-77BD-41A4-88C1-D11046F8FC39}
	EndGlobalSection
EndGlobal
